
Microsoft Visual Studio Solution File, Format Version 12.00
# Visual Studio Version 17
VisualStudioVersion = 17.3.32922.545
MinimumVisualStudioVersion = 10.0.40219.1
Project("{9A19103F-16F7-4668-BE54-9A1E7A4F7556}") = "ResizeImage", "ResizeImage\ResizeImage.csproj", "{3AD91E67-CB02-4A1D-AD09-A6FC5D5BA5B8}"
EndProject
Project("{FAE04EC0-301F-11D3-BF4B-00C04F79EFBC}") = "ImageService", "ImageService\ImageService.csproj", "{2C45A5FC-AF37-4137-B431-5DA65A03ABCF}"
EndProject
Global
	GlobalSection(SolutionConfigurationPlatforms) = preSolution
		Debug|Any CPU = Debug|Any CPU
		Release|Any CPU = Release|Any CPU
	EndGlobalSection
	GlobalSection(ProjectConfigurationPlatforms) = postSolution
		{3AD91E67-CB02-4A1D-AD09-A6FC5D5BA5B8}.Debug|Any CPU.ActiveCfg = Debug|Any CPU
		{3AD91E67-CB02-4A1D-AD09-A6FC5D5BA5B8}.Debug|Any CPU.Build.0 = Debug|Any CPU
		{3AD91E67-CB02-4A1D-AD09-A6FC5D5BA5B8}.Release|Any CPU.ActiveCfg = Release|Any CPU
		{3AD91E67-CB02-4A1D-AD09-A6FC5D5BA5B8}.Release|Any CPU.Build.0 = Release|Any CPU
		{2C45A5FC-AF37-4137-B431-5DA65A03ABCF}.Debug|Any CPU.ActiveCfg = Debug|Any CPU
		{2C45A5FC-AF37-4137-B431-5DA65A03ABCF}.Debug|Any CPU.Build.0 = Debug|Any CPU
		{2C45A5FC-AF37-4137-B431-5DA65A03ABCF}.Release|Any CPU.ActiveCfg = Release|Any CPU
		{2C45A5FC-AF37-4137-B431-5DA65A03ABCF}.Release|Any CPU.Build.0 = Release|Any CPU
	EndGlobalSection
	GlobalSection(SolutionProperties) = preSolution
		HideSolutionNode = FALSE
	EndGlobalSection
	GlobalSection(ExtensibilityGlobals) = postSolution
		SolutionGuid = {D3E335E2-8B3F-4FB2-8741-B73D0F3B4997}
	EndGlobalSection
EndGlobal
